
Microsoft Visual Studio Solution File, Format Version 12.00
# Visual Studio Version 17
VisualStudioVersion = 17.11.35219.272
MinimumVisualStudioVersion = 10.0.40219.1
Project("{FAE04EC0-301F-11D3-BF4B-00C04F79EFBC}") = "CICDApp", "CICDApp\CICDApp.csproj", "{E30CD99A-4C19-441D-BD47-D1F03D4DA80F}"
EndProject
Global
	GlobalSection(SolutionConfigurationPlatforms) = preSolution
		Debug|Any CPU = Debug|Any CPU
		Release|Any CPU = Release|Any CPU
	EndGlobalSection
	GlobalSection(ProjectConfigurationPlatforms) = postSolution
		{E30CD99A-4C19-441D-BD47-D1F03D4DA80F}.Debug|Any CPU.ActiveCfg = Debug|Any CPU
		{E30CD99A-4C19-441D-BD47-D1F03D4DA80F}.Debug|Any CPU.Build.0 = Debug|Any CPU
		{E30CD99A-4C19-441D-BD47-D1F03D4DA80F}.Release|Any CPU.ActiveCfg = Release|Any CPU
		{E30CD99A-4C19-441D-BD47-D1F03D4DA80F}.Release|Any CPU.Build.0 = Release|Any CPU
	EndGlobalSection
	GlobalSection(SolutionProperties) = preSolution
		HideSolutionNode = FALSE
	EndGlobalSection
	GlobalSection(ExtensibilityGlobals) = postSolution
		SolutionGuid = {182B3AB6-395E-48FA-A300-48242A173756}
	EndGlobalSection
EndGlobal
